// !$*UTF8*$!
{
	archiveVersion = 1;
	classes = {
	};
	objectVersion = 46;
	objects = {

/* Begin PBXBuildFile section */
		81E03A001F2CB01100CAAFD1 /* main.m in Sources */ = {isa = PBXBuildFile; fileRef = 81E039FF1F2CB01100CAAFD1 /* main.m */; };
		81E03A031F2CB01100CAAFD1 /* AppDelegate.m in Sources */ = {isa = PBXBuildFile; fileRef = 81E03A021F2CB01100CAAFD1 /* AppDelegate.m */; };
		81E03A061F2CB01100CAAFD1 /* ViewController.m in Sources */ = {isa = PBXBuildFile; fileRef = 81E03A051F2CB01100CAAFD1 /* ViewController.m */; };
		81E03A091F2CB01100CAAFD1 /* Main.storyboard in Resources */ = {isa = PBXBuildFile; fileRef = 81E03A071F2CB01100CAAFD1 /* Main.storyboard */; };
		81E03A0B1F2CB01100CAAFD1 /* Assets.xcassets in Resources */ = {isa = PBXBuildFile; fileRef = 81E03A0A1F2CB01100CAAFD1 /* Assets.xcassets */; };
		81E03A0E1F2CB01100CAAFD1 /* LaunchScreen.storyboard in Resources */ = {isa = PBXBuildFile; fileRef = 81E03A0C1F2CB01100CAAFD1 /* LaunchScreen.storyboard */; };
		81E03A171F2CBFA600CAAFD1 /* SecondViewController.m in Sources */ = {isa = PBXBuildFile; fileRef = 81E03A161F2CBFA600CAAFD1 /* SecondViewController.m */; };
/* End PBXBuildFile section */

/* Begin PBXFileReference section */
		81E039FB1F2CB01100CAAFD1 /* FirstProject.app */ = {isa = PBXFileReference; explicitFileType = wrapper.application; includeInIndex = 0; path = FirstProject.app; sourceTree = BUILT_PRODUCTS_DIR; };
		81E039FF1F2CB01100CAAFD1 /* main.m */ = {isa = PBXFileReference; lastKnownFileType = sourcecode.c.objc; path = main.m; sourceTree = "<group>"; };
		81E03A011F2CB01100CAAFD1 /* AppDelegate.h */ = {isa = PBXFileReference; lastKnownFileType = sourcecode.c.h; path = AppDelegate.h; sourceTree = "<group>"; };
		81E03A021F2CB01100CAAFD1 /* AppDelegate.m */ = {isa = PBXFileReference; lastKnownFileType = sourcecode.c.objc; path = AppDelegate.m; sourceTree = "<group>"; };
		81E03A041F2CB01100CAAFD1 /* ViewController.h */ = {isa = PBXFileReference; lastKnownFileType = sourcecode.c.h; path = ViewController.h; sourceTree = "<group>"; };
		81E03A051F2CB01100CAAFD1 /* ViewController.m */ = {isa = PBXFileReference; lastKnownFileType = sourcecode.c.objc; path = ViewController.m; sourceTree = "<group>"; };
		81E03A081F2CB01100CAAFD1 /* Base */ = {isa = PBXFileReference; lastKnownFileType = file.storyboard; name = Base; path = Base.lproj/Main.storyboard; sourceTree = "<group>"; };
		81E03A0A1F2CB01100CAAFD1 /* Assets.xcassets */ = {isa = PBXFileReference; lastKnownFileType = folder.assetcatalog; path = Assets.xcassets; sourceTree = "<group>"; };
		81E03A0D1F2CB01100CAAFD1 /* Base */ = {isa = PBXFileReference; lastKnownFileType = file.storyboard; name = Base; path = Base.lproj/LaunchScreen.storyboard; sourceTree = "<group>"; };
		81E03A0F1F2CB01100CAAFD1 /* Info.plist */ = {isa = PBXFileReference; lastKnownFileType = text.plist.xml; path = Info.plist; sourceTree = "<group>"; };
		81E03A151F2CBFA600CAAFD1 /* SecondViewController.h */ = {isa = PBXFileReference; fileEncoding = 4; lastKnownFileType = sourcecode.c.h; path = SecondViewController.h; sourceTree = "<group>"; };
		81E03A161F2CBFA600CAAFD1 /* SecondViewController.m */ = {isa = PBXFileReference; fileEncoding = 4; lastKnownFileType = sourcecode.c.objc; path = SecondViewController.m; sourceTree = "<group>"; };
/* End PBXFileReference section */

/* Begin PBXFrameworksBuildPhase section */
		81E039F81F2CB01100CAAFD1 /* Frameworks */ = {
			isa = PBXFrameworksBuildPhase;
			buildActionMask = 2147483647;
			files = (
			);
			runOnlyForDeploymentPostprocessing = 0;
		};
/* End PBXFrameworksBuildPhase section */

/* Begin PBXGroup section */
		81E039F21F2CB01100CAAFD1 = {
			isa = PBXGroup;
			children = (
				81E039FD1F2CB01100CAAFD1 /* FirstProject */,
				81E039FC1F2CB01100CAAFD1 /* Products */,
			);
			sourceTree = "<group>";
		};
		81E039FC1F2CB01100CAAFD1 /* Products */ = {
			isa = PBXGroup;
			children = (
				81E039FB1F2CB01100CAAFD1 /* FirstProject.app */,
			);
			name = Products;
			sourceTree = "<group>";
		};
		81E039FD1F2CB01100CAAFD1 /* FirstProject */ = {
			isa = PBXGroup;
			children = (
				81E03A181F2CBFDF00CAAFD1 /* UI */,
				81E03A011F2CB01100CAAFD1 /* AppDelegate.h */,
				81E03A021F2CB01100CAAFD1 /* AppDelegate.m */,
				81E03A071F2CB01100CAAFD1 /* Main.storyboard */,
				81E03A0A1F2CB01100CAAFD1 /* Assets.xcassets */,
				81E03A0C1F2CB01100CAAFD1 /* LaunchScreen.storyboard */,
				81E03A0F1F2CB01100CAAFD1 /* Info.plist */,
				81E039FE1F2CB01100CAAFD1 /* Supporting Files */,
			);
			path = FirstProject;
			sourceTree = "<group>";
		};
		81E039FE1F2CB01100CAAFD1 /* Supporting Files */ = {
			isa = PBXGroup;
			children = (
				81E039FF1F2CB01100CAAFD1 /* main.m */,
			);
			name = "Supporting Files";
			sourceTree = "<group>";
		};
		81E03A181F2CBFDF00CAAFD1 /* UI */ = {
			isa = PBXGroup;
			children = (
				81E03A151F2CBFA600CAAFD1 /* SecondViewController.h */,
				81E03A161F2CBFA600CAAFD1 /* SecondViewController.m */,
				81E03A041F2CB01100CAAFD1 /* ViewController.h */,
				81E03A051F2CB01100CAAFD1 /* ViewController.m */,
			);
			name = UI;
			sourceTree = "<group>";
		};
/* End PBXGroup section */

/* Begin PBXNativeTarget section */
		81E039FA1F2CB01100CAAFD1 /* FirstProject */ = {
			isa = PBXNativeTarget;
			buildConfigurationList = 81E03A121F2CB01100CAAFD1 /* Build configuration list for PBXNativeTarget "FirstProject" */;
			buildPhases = (
				81E039F71F2CB01100CAAFD1 /* Sources */,
				81E039F81F2CB01100CAAFD1 /* Frameworks */,
				81E039F91F2CB01100CAAFD1 /* Resources */,
			);
			buildRules = (
			);
			dependencies = (
			);
			name = FirstProject;
			productName = FirstProject;
			productReference = 81E039FB1F2CB01100CAAFD1 /* FirstProject.app */;
			productType = "com.apple.product-type.application";
		};
/* End PBXNativeTarget section */

/* Begin PBXProject section */
		81E039F31F2CB01100CAAFD1 /* Project object */ = {
			isa = PBXProject;
			attributes = {
				LastUpgradeCheck = 0830;
				ORGANIZATIONNAME = Treinamento;
				TargetAttributes = {
					81E039FA1F2CB01100CAAFD1 = {
						CreatedOnToolsVersion = 8.3.3;
						ProvisioningStyle = Automatic;
					};
				};
			};
			buildConfigurationList = 81E039F61F2CB01100CAAFD1 /* Build configuration list for PBXProject "FirstProject" */;
			compatibilityVersion = "Xcode 3.2";
			developmentRegion = English;
			hasScannedForEncodings = 0;
			knownRegions = (
				en,
				Base,
			);
			mainGroup = 81E039F21F2CB01100CAAFD1;
			productRefGroup = 81E039FC1F2CB01100CAAFD1 /* Products */;
			projectDirPath = "";
			projectRoot = "";
			targets = (
				81E039FA1F2CB01100CAAFD1 /* FirstProject */,
			);
		};
/* End PBXProject section */

/* Begin PBXResourcesBuildPhase section */
		81E039F91F2CB01100CAAFD1 /* Resources */ = {
			isa = PBXResourcesBuildPhase;
			buildActionMask = 2147483647;
			files = (
				81E03A0E1F2CB01100CAAFD1 /* LaunchScreen.storyboard in Resources */,
				81E03A0B1F2CB01100CAAFD1 /* Assets.xcassets in Resources */,
				81E03A091F2CB01100CAAFD1 /* Main.storyboard in Resources */,
			);
			runOnlyForDeploymentPostprocessing = 0;
		};
/* End PBXResourcesBuildPhase section */

/* Begin PBXSourcesBuildPhase section */
		81E039F71F2CB01100CAAFD1 /* Sources */ = {
			isa = PBXSourcesBuildPhase;
			buildActionMask = 2147483647;
			files = (
				81E03A171F2CBFA600CAAFD1 /* SecondViewController.m in Sources */,
				81E03A061F2CB01100CAAFD1 /* ViewController.m in Sources */,
				81E03A031F2CB01100CAAFD1 /* AppDelegate.m in Sources */,
				81E03A001F2CB01100CAAFD1 /* main.m in Sources */,
			);
			runOnlyForDeploymentPostprocessing = 0;
		};
/* End PBXSourcesBuildPhase section */

/* Begin PBXVariantGroup section */
		81E03A071F2CB01100CAAFD1 /* Main.storyboard */ = {
			isa = PBXVariantGroup;
			children = (
				81E03A081F2CB01100CAAFD1 /* Base */,
			);
			name = Main.storyboard;
			sourceTree = "<group>";
		};
		81E03A0C1F2CB01100CAAFD1 /* LaunchScreen.storyboard */ = {
			isa = PBXVariantGroup;
			children = (
				81E03A0D1F2CB01100CAAFD1 /* Base */,
			);
			name = LaunchScreen.storyboard;
			sourceTree = "<group>";
		};
/* End PBXVariantGroup section */

/* Begin XCBuildConfiguration section */
		81E03A101F2CB01100CAAFD1 /* Debug */ = {
			isa = XCBuildConfiguration;
			buildSettings = {
				ALWAYS_SEARCH_USER_PATHS = NO;
				CLANG_ANALYZER_NONNULL = YES;
				CLANG_ANALYZER_NUMBER_OBJECT_CONVERSION = YES_AGGRESSIVE;
				CLANG_CXX_LANGUAGE_STANDARD = "gnu++0x";
				CLANG_CXX_LIBRARY = "libc++";
				CLANG_ENABLE_MODULES = YES;
				CLANG_ENABLE_OBJC_ARC = YES;
				CLANG_WARN_BOOL_CONVERSION = YES;
				CLANG_WARN_CONSTANT_CONVERSION = YES;
				CLANG_WARN_DIRECT_OBJC_ISA_USAGE = YES_ERROR;
				CLANG_WARN_DOCUMENTATION_COMMENTS = YES;
				CLANG_WARN_EMPTY_BODY = YES;
				CLANG_WARN_ENUM_CONVERSION = YES;
				CLANG_WARN_INFINITE_RECURSION = YES;
				CLANG_WARN_INT_CONVERSION = YES;
				CLANG_WARN_OBJC_ROOT_CLASS = YES_ERROR;
				CLANG_WARN_SUSPICIOUS_MOVE = YES;
				CLANG_WARN_UNREACHABLE_CODE = YES;
				CLANG_WARN__DUPLICATE_METHOD_MATCH = YES;
				"CODE_SIGN_IDENTITY[sdk=iphoneos*]" = "iPhone Developer";
				COPY_PHASE_STRIP = NO;
				DEBUG_INFORMATION_FORMAT = dwarf;
				ENABLE_STRICT_OBJC_MSGSEND = YES;
				ENABLE_TESTABILITY = YES;
				GCC_C_LANGUAGE_STANDARD = gnu99;
				GCC_DYNAMIC_NO_PIC = NO;
				GCC_NO_COMMON_BLOCKS = YES;
				GCC_OPTIMIZATION_LEVEL = 0;
				GCC_PREPROCESSOR_DEFINITIONS = (
					"DEBUG=1",
					"$(inherited)",
				);
				GCC_WARN_64_TO_32_BIT_CONVERSION = YES;
				GCC_WARN_ABOUT_RETURN_TYPE = YES_ERROR;
				GCC_WARN_UNDECLARED_SELECTOR = YES;
				GCC_WARN_UNINITIALIZED_AUTOS = YES_AGGRESSIVE;
				GCC_WARN_UNUSED_FUNCTION = YES;
				GCC_WARN_UNUSED_VARIABLE = YES;
				IPHONEOS_DEPLOYMENT_TARGET = 10.3;
				MTL_ENABLE_DEBUG_INFO = YES;
				ONLY_ACTIVE_ARCH = YES;
				SDKROOT = iphoneos;
			};
			name = Debug;
		};
		81E03A111F2CB01100CAAFD1 /* Release */ = {
			isa = XCBuildConfiguration;
			buildSettings = {
				ALWAYS_SEARCH_USER_PATHS = NO;
				CLANG_ANALYZER_NONNULL = YES;
				CLANG_ANALYZER_NUMBER_OBJECT_CONVERSION = YES_AGGRESSIVE;
				CLANG_CXX_LANGUAGE_STANDARD = "gnu++0x";
				CLANG_CXX_LIBRARY = "libc++";
				CLANG_ENABLE_MODULES = YES;
				CLANG_ENABLE_OBJC_ARC = YES;
				CLANG_WARN_BOOL_CONVERSION = YES;
				CLANG_WARN_CONSTANT_CONVERSION = YES;
				CLANG_WARN_DIRECT_OBJC_ISA_USAGE = YES_ERROR;
				CLANG_WARN_DOCUMENTATION_COMMENTS = YES;
				CLANG_WARN_EMPTY_BODY = YES;
				CLANG_WARN_ENUM_CONVERSION = YES;
				CLANG_WARN_INFINITE_RECURSION = YES;
				CLANG_WARN_INT_CONVERSION = YES;
				CLANG_WARN_OBJC_ROOT_CLASS = YES_ERROR;
				CLANG_WARN_SUSPICIOUS_MOVE = YES;
				CLANG_WARN_UNREACHABLE_CODE = YES;
				CLANG_WARN__DUPLICATE_METHOD_MATCH = YES;
				"CODE_SIGN_IDENTITY[sdk=iphoneos*]" = "iPhone Developer";
				COPY_PHASE_STRIP = NO;
				DEBUG_INFORMATION_FORMAT = "dwarf-with-dsym";
				ENABLE_NS_ASSERTIONS = NO;
				ENABLE_STRICT_OBJC_MSGSEND = YES;
				GCC_C_LANGUAGE_STANDARD = gnu99;
				GCC_NO_COMMON_BLOCKS = YES;
				GCC_WARN_64_TO_32_BIT_CONVERSION = YES;
				GCC_WARN_ABOUT_RETURN_TYPE = YES_ERROR;
				GCC_WARN_UNDECLARED_SELECTOR = YES;
				GCC_WARN_UNINITIALIZED_AUTOS = YES_AGGRESSIVE;
				GCC_WARN_UNUSED_FUNCTION = YES;
				GCC_WARN_UNUSED_VARIABLE = YES;
				IPHONEOS_DEPLOYMENT_TARGET = 10.3;
				MTL_ENABLE_DEBUG_INFO = NO;
				SDKROOT = iphoneos;
				VALIDATE_PRODUCT = YES;
			};
			name = Release;
		};
		81E03A131F2CB01100CAAFD1 /* Debug */ = {
			isa = XCBuildConfiguration;
			buildSettings = {
				ASSETCATALOG_COMPILER_APPICON_NAME = AppIcon;
				INFOPLIST_FILE = FirstProject/Info.plist;
				LD_RUNPATH_SEARCH_PATHS = "$(inherited) @executable_path/Frameworks";
				PRODUCT_BUNDLE_IDENTIFIER = "br.com.rafael-douglas.FirstProject";
				PRODUCT_NAME = "$(TARGET_NAME)";
			};
			name = Debug;
		};
		81E03A141F2CB01100CAAFD1 /* Release */ = {
			isa = XCBuildConfiguration;
			buildSettings = {
				ASSETCATALOG_COMPILER_APPICON_NAME = AppIcon;
				INFOPLIST_FILE = FirstProject/Info.plist;
				LD_RUNPATH_SEARCH_PATHS = "$(inherited) @executable_path/Frameworks";
				PRODUCT_BUNDLE_IDENTIFIER = "br.com.rafael-douglas.FirstProject";
				PRODUCT_NAME = "$(TARGET_NAME)";
			};
			name = Release;
		};
/* End XCBuildConfiguration section */

/* Begin XCConfigurationList section */
		81E039F61F2CB01100CAAFD1 /* Build configuration list for PBXProject "FirstProject" */ = {
			isa = XCConfigurationList;
			buildConfigurations = (
				81E03A101F2CB01100CAAFD1 /* Debug */,
				81E03A111F2CB01100CAAFD1 /* Release */,
			);
			defaultConfigurationIsVisible = 0;
			defaultConfigurationName = Release;
		};
		81E03A121F2CB01100CAAFD1 /* Build configuration list for PBXNativeTarget "FirstProject" */ = {
			isa = XCConfigurationList;
			buildConfigurations = (
				81E03A131F2CB01100CAAFD1 /* Debug */,
				81E03A141F2CB01100CAAFD1 /* Release */,
			);
			defaultConfigurationIsVisible = 0;
		};
/* End XCConfigurationList section */
	};
	rootObject = 81E039F31F2CB01100CAAFD1 /* Project object */;
}
